{
  "originHash" : "cb5333a102997cf556bdcd146a0295caaaed4da0182e45c2e5c810bc46df88e4",
  "pins" : [
    {
      "identity" : "fxpagecontrol",
      "kind" : "remoteSourceControl",
      "location" : "https://github.com/nicklockwood/FXPageControl.git",
      "state" : {
        "revision" : "a94633402ba98c52f86c2a70e61ff086dec9de78",
        "version" : "1.6.0"
      }
    },
    {
      "identity" : "xlpagertabstrip",
      "kind" : "remoteSourceControl",
      "location" : "git@github.com:xmartlabs/XLPagerTabStrip.git",
      "state" : {
        "revision" : "211ed62aa376722cf93c429802a8b6ff66a8bd52",
        "version" : "9.1.0"
      }
    }
  ],
  "version" : 3
}
